
Microsoft Visual Studio Solution File, Format Version 12.00
# Visual Studio Version 16
VisualStudioVersion = 16.0.0.0
MinimumVisualStudioVersion = 16.0.0.0
Project("{9A19103F-16F7-4668-BE54-9A1E7A4F7556}") = "titfortat", "titfortat\titfortat.csproj", "{0F1EF7CF-3C7D-4354-B8BC-96AD87CC5307}"
EndProject
Project("{9A19103F-16F7-4668-BE54-9A1E7A4F7556}") = "titfortat.Client", "titfortat.Client\titfortat.Client.csproj", "{16B67808-7099-4320-A251-9C8841BB92CE}"
EndProject
Project("{F2A71F9B-5D33-465A-A702-920D77279786}") = "titfortat.Shared", "titfortat.Shared\titfortat.Shared.fsproj", "{E1CD20E2-F8D8-45CD-9F87-ABE6008840AA}"
EndProject
Project("{F2A71F9B-5D33-465A-A702-920D77279786}") = "titfortat.Server", "titfortat.Server\titfortat.Server.fsproj", "{17053B7B-AF60-4498-8BEF-01ADD85AD8AD}"
EndProject
Global
	GlobalSection(SolutionConfigurationPlatforms) = preSolution
		Debug|Any CPU = Debug|Any CPU
		Debug|x64 = Debug|x64
		Debug|x86 = Debug|x86
		Release|Any CPU = Release|Any CPU
		Release|x64 = Release|x64
		Release|x86 = Release|x86
	EndGlobalSection
	GlobalSection(ProjectConfigurationPlatforms) = postSolution
		{0F1EF7CF-3C7D-4354-B8BC-96AD87CC5307}.Debug|Any CPU.ActiveCfg = Debug|Any CPU
		{0F1EF7CF-3C7D-4354-B8BC-96AD87CC5307}.Debug|Any CPU.Build.0 = Debug|Any CPU
		{0F1EF7CF-3C7D-4354-B8BC-96AD87CC5307}.Debug|x64.ActiveCfg = Debug|Any CPU
		{0F1EF7CF-3C7D-4354-B8BC-96AD87CC5307}.Debug|x64.Build.0 = Debug|Any CPU
		{0F1EF7CF-3C7D-4354-B8BC-96AD87CC5307}.Debug|x86.ActiveCfg = Debug|Any CPU
		{0F1EF7CF-3C7D-4354-B8BC-96AD87CC5307}.Debug|x86.Build.0 = Debug|Any CPU
		{0F1EF7CF-3C7D-4354-B8BC-96AD87CC5307}.Release|Any CPU.ActiveCfg = Release|Any CPU
		{0F1EF7CF-3C7D-4354-B8BC-96AD87CC5307}.Release|Any CPU.Build.0 = Release|Any CPU
		{0F1EF7CF-3C7D-4354-B8BC-96AD87CC5307}.Release|x64.ActiveCfg = Release|Any CPU
		{0F1EF7CF-3C7D-4354-B8BC-96AD87CC5307}.Release|x64.Build.0 = Release|Any CPU
		{0F1EF7CF-3C7D-4354-B8BC-96AD87CC5307}.Release|x86.ActiveCfg = Release|Any CPU
		{0F1EF7CF-3C7D-4354-B8BC-96AD87CC5307}.Release|x86.Build.0 = Release|Any CPU
		{16B67808-7099-4320-A251-9C8841BB92CE}.Debug|Any CPU.ActiveCfg = Debug|Any CPU
		{16B67808-7099-4320-A251-9C8841BB92CE}.Debug|Any CPU.Build.0 = Debug|Any CPU
		{16B67808-7099-4320-A251-9C8841BB92CE}.Debug|x64.ActiveCfg = Debug|Any CPU
		{16B67808-7099-4320-A251-9C8841BB92CE}.Debug|x64.Build.0 = Debug|Any CPU
		{16B67808-7099-4320-A251-9C8841BB92CE}.Debug|x86.ActiveCfg = Debug|Any CPU
		{16B67808-7099-4320-A251-9C8841BB92CE}.Debug|x86.Build.0 = Debug|Any CPU
		{16B67808-7099-4320-A251-9C8841BB92CE}.Release|Any CPU.ActiveCfg = Release|Any CPU
		{16B67808-7099-4320-A251-9C8841BB92CE}.Release|Any CPU.Build.0 = Release|Any CPU
		{16B67808-7099-4320-A251-9C8841BB92CE}.Release|x64.ActiveCfg = Release|Any CPU
		{16B67808-7099-4320-A251-9C8841BB92CE}.Release|x64.Build.0 = Release|Any CPU
		{16B67808-7099-4320-A251-9C8841BB92CE}.Release|x86.ActiveCfg = Release|Any CPU
		{16B67808-7099-4320-A251-9C8841BB92CE}.Release|x86.Build.0 = Release|Any CPU
		{E1CD20E2-F8D8-45CD-9F87-ABE6008840AA}.Debug|Any CPU.ActiveCfg = Debug|Any CPU
		{E1CD20E2-F8D8-45CD-9F87-ABE6008840AA}.Debug|Any CPU.Build.0 = Debug|Any CPU
		{E1CD20E2-F8D8-45CD-9F87-ABE6008840AA}.Debug|x64.ActiveCfg = Debug|Any CPU
		{E1CD20E2-F8D8-45CD-9F87-ABE6008840AA}.Debug|x64.Build.0 = Debug|Any CPU
		{E1CD20E2-F8D8-45CD-9F87-ABE6008840AA}.Debug|x86.ActiveCfg = Debug|Any CPU
		{E1CD20E2-F8D8-45CD-9F87-ABE6008840AA}.Debug|x86.Build.0 = Debug|Any CPU
		{E1CD20E2-F8D8-45CD-9F87-ABE6008840AA}.Release|Any CPU.ActiveCfg = Release|Any CPU
		{E1CD20E2-F8D8-45CD-9F87-ABE6008840AA}.Release|Any CPU.Build.0 = Release|Any CPU
		{E1CD20E2-F8D8-45CD-9F87-ABE6008840AA}.Release|x64.ActiveCfg = Release|Any CPU
		{E1CD20E2-F8D8-45CD-9F87-ABE6008840AA}.Release|x64.Build.0 = Release|Any CPU
		{E1CD20E2-F8D8-45CD-9F87-ABE6008840AA}.Release|x86.ActiveCfg = Release|Any CPU
		{E1CD20E2-F8D8-45CD-9F87-ABE6008840AA}.Release|x86.Build.0 = Release|Any CPU

		{17053B7B-AF60-4498-8BEF-01ADD85AD8AD}.Debug|Any CPU.Build.0 = Debug|Any CPU
		{17053B7B-AF60-4498-8BEF-01ADD85AD8AD}.Debug|x64.ActiveCfg = Debug|Any CPU
		{17053B7B-AF60-4498-8BEF-01ADD85AD8AD}.Debug|x64.Build.0 = Debug|Any CPU
		{17053B7B-AF60-4498-8BEF-01ADD85AD8AD}.Debug|x86.ActiveCfg = Debug|Any CPU
		{17053B7B-AF60-4498-8BEF-01ADD85AD8AD}.Debug|x86.Build.0 = Debug|Any CPU
		{17053B7B-AF60-4498-8BEF-01ADD85AD8AD}.Release|Any CPU.ActiveCfg = Release|Any CPU
		{17053B7B-AF60-4498-8BEF-01ADD85AD8AD}.Release|Any CPU.Build.0 = Release|Any CPU
		{17053B7B-AF60-4498-8BEF-01ADD85AD8AD}.Release|x64.ActiveCfg = Release|Any CPU
		{17053B7B-AF60-4498-8BEF-01ADD85AD8AD}.Release|x64.Build.0 = Release|Any CPU
		{17053B7B-AF60-4498-8BEF-01ADD85AD8AD}.Release|x86.ActiveCfg = Release|Any CPU
		{17053B7B-AF60-4498-8BEF-01ADD85AD8AD}.Release|x86.Build.0 = Release|Any CPU
	EndGlobalSection
	GlobalSection(SolutionProperties) = preSolution
		HideSolutionNode = FALSE
	EndGlobalSection
	GlobalSection(ExtensibilityGlobals) = postSolution
		SolutionGuid = {2E1E5CCB-4EB0-4077-9DD1-02D8E3683721}
	EndGlobalSection
EndGlobal
